# This file is generated by running "yarn install" inside your project.
# Manual changes might be lost - proceed with caution!

__metadata:
  version: 6
  cacheKey: 8

"idle-timer-react@workspace:.":
  version: 0.0.0-use.local
  resolution: "idle-timer-react@workspace:."
  dependencies:
    react-idle-timer: ^5.5.3
  languageName: unknown
  linkType: soft

"react-idle-timer@npm:^5.5.3":
  version: 5.5.3
  resolution: "react-idle-timer@npm:5.5.3"
  peerDependencies:
    react: ">=16"
    react-dom: ">=16"
  checksum: 0c5cbe4890376aff47b0cd91f2f2e76e303f63f071bf69c4918f6de63c5cbb89f19b3b80a24b597c4dc31f7aed0c6a1396446f5d949e1f847c3db746d82a0c3b
  languageName: node
  linkType: hard
